
Microsoft Visual Studio Solution File, Format Version 12.00
# Visual Studio Version 17
VisualStudioVersion = 17.13.35931.197 d17.13
MinimumVisualStudioVersion = 10.0.40219.1
Project("{FAE04EC0-301F-11D3-BF4B-00C04F79EFBC}") = "TKCFWebApp", "TKCFWebApp\TKCFWebApp.csproj", "{D0B9E9F2-13AC-4E31-9A18-98DF992B91A7}"
EndProject
Global
	GlobalSection(SolutionConfigurationPlatforms) = preSolution
		Debug|Any CPU = Debug|Any CPU
		Release|Any CPU = Release|Any CPU
	EndGlobalSection
	GlobalSection(ProjectConfigurationPlatforms) = postSolution
		{D0B9E9F2-13AC-4E31-9A18-98DF992B91A7}.Debug|Any CPU.ActiveCfg = Debug|Any CPU
		{D0B9E9F2-13AC-4E31-9A18-98DF992B91A7}.Debug|Any CPU.Build.0 = Debug|Any CPU
		{D0B9E9F2-13AC-4E31-9A18-98DF992B91A7}.Release|Any CPU.ActiveCfg = Release|Any CPU
		{D0B9E9F2-13AC-4E31-9A18-98DF992B91A7}.Release|Any CPU.Build.0 = Release|Any CPU
	EndGlobalSection
	GlobalSection(SolutionProperties) = preSolution
		HideSolutionNode = FALSE
	EndGlobalSection
	GlobalSection(ExtensibilityGlobals) = postSolution
		SolutionGuid = {D799CE3A-D04F-48A9-84EF-8482031D8B9B}
	EndGlobalSection
EndGlobal
